<?xml version="1.0" encoding="utf-8"?>
<Project ToolsVersion="4.0" xmlns="http://schemas.microsoft.com/developer/msbuild/2003">
  <ItemGroup>
    <Filter Include="Assets">
      <UniqueIdentifier>{09095d68-bcd7-45c4-b007-5c8ddb5d60a4}</UniqueIdentifier>
    </Filter>
    <Filter Include="Assets\Shaders">
      <UniqueIdentifier>{8b0cb0c9-e0d8-4107-91c8-11654fac88e7}</UniqueIdentifier>
    </Filter>
    <Filter Include="DX12">
      <UniqueIdentifier>{a9ca38fd-7ef6-4951-8f3d-319972f94bb4}</UniqueIdentifier>
    </Filter>
    <Filter Include="Sources">
      <UniqueIdentifier>{4af178de-a3fd-4b7b-bb3f-f8f0535b5c52}</UniqueIdentifier>
    </Filter>
    <Filter Include="DX12\Private">
      <UniqueIdentifier>{f650b4bd-8daa-4cdd-839f-f8e197d404a1}</UniqueIdentifier>
    </Filter>
    <Filter Include="DX12\Public">
      <UniqueIdentifier>{5ffa3523-8f23-423f-9631-9513b69e0ba9}</UniqueIdentifier>
    </Filter>
  </ItemGroup>
  <ItemGroup>
    <FxCompile Include="Assets\HelloTexture.hlsl">
      <Filter>Assets\Shaders</Filter>
    </FxCompile>
    <FxCompile Include="Assets\HelloTriangle.hlsl">
      <Filter>Assets\Shaders</Filter>
    </FxCompile>
  </ItemGroup>
  <ItemGroup>
    <ClCompile Include="DX12\DX12Buffer.cpp">
      <Filter>DX12\Private</Filter>
    </ClCompile>
    <ClCompile Include="DX12\DX12CommandContext.cpp">
      <Filter>DX12\Private</Filter>
    </ClCompile>
    <ClCompile Include="DX12\DX12Device.cpp">
      <Filter>DX12\Private</Filter>
    </ClCompile>
    <ClCompile Include="DX12\DX12GraphicContext.cpp">
      <Filter>DX12\Private</Filter>
    </ClCompile>
    <ClCompile Include="DX12\DX12GraphicManager.cpp">
      <Filter>DX12\Private</Filter>
    </ClCompile>
    <ClCompile Include="DX12\DX12PipelineState.cpp">
      <Filter>DX12\Private</Filter>
    </ClCompile>
    <ClCompile Include="DX12\DX12RootSignature.cpp">
      <Filter>DX12\Private</Filter>
    </ClCompile>
    <ClCompile Include="DX12\DX12Texture.cpp">
      <Filter>DX12\Private</Filter>
    </ClCompile>
    <ClCompile Include="Game.cpp">
      <Filter>Sources</Filter>
    </ClCompile>
    <ClCompile Include="pch.cpp">
      <Filter>Sources</Filter>
    </ClCompile>
    <ClCompile Include="tga_reader.cpp">
      <Filter>Sources</Filter>
    </ClCompile>
  </ItemGroup>
  <ItemGroup>
    <ClInclude Include="DX12\DX12CommandContext.h">
      <Filter>DX12\Public</Filter>
    </ClInclude>
    <ClInclude Include="DX12\DX12GraphicContext.h">
      <Filter>DX12\Public</Filter>
    </ClInclude>
    <ClInclude Include="DX12\DX12GraphicManager.h">
      <Filter>DX12\Public</Filter>
    </ClInclude>
    <ClInclude Include="DX12\DX12PipelineState.h">
      <Filter>DX12\Public</Filter>
    </ClInclude>
    <ClInclude Include="DX12\DX12RootSignature.h">
      <Filter>DX12\Public</Filter>
    </ClInclude>
    <ClInclude Include="DX12\DX12Texture.h">
      <Filter>DX12\Public</Filter>
    </ClInclude>
    <ClInclude Include="DX12\Hash.h">
      <Filter>DX12\Public</Filter>
    </ClInclude>
    <ClInclude Include="DX12\DX12.h">
      <Filter>DX12\Public</Filter>
    </ClInclude>
    <ClInclude Include="DX12\DX12Buffer.h">
      <Filter>DX12\Public</Filter>
    </ClInclude>
    <ClInclude Include="DX12\DX12Device.h">
      <Filter>DX12\Private</Filter>
    </ClInclude>
    <ClInclude Include="Game.h">
      <Filter>Sources</Filter>
    </ClInclude>
    <ClInclude Include="pch.h">
      <Filter>Sources</Filter>
    </ClInclude>
    <ClInclude Include="StepTimer.h">
      <Filter>Sources</Filter>
    </ClInclude>
    <ClInclude Include="TextureTga.h">
      <Filter>Sources</Filter>
    </ClInclude>
    <ClInclude Include="tga_reader.h">
      <Filter>Sources</Filter>
    </ClInclude>
    <ClInclude Include="DX12\d3dx12.h">
      <Filter>DX12\Public</Filter>
    </ClInclude>
  </ItemGroup>
</Project>