<?xml version="1.0" encoding="utf-8"?>
<Project ToolsVersion="14.0" xmlns="http://schemas.microsoft.com/developer/msbuild/2003">
  <ItemGroup>
    <Filter Include="Assets">
      <UniqueIdentifier>{8e966268-c145-4e6d-83d1-7eec265dd7db}</UniqueIdentifier>
    </Filter>
    <Filter Include="DX12">
      <UniqueIdentifier>{d1f5a28b-a435-4bb6-a598-39f9da0debfb}</UniqueIdentifier>
    </Filter>
    <Filter Include="DX12\Public">
      <UniqueIdentifier>{489e9f1b-9fed-4429-91e8-1b450ae999a9}</UniqueIdentifier>
    </Filter>
    <Filter Include="DX12\Private">
      <UniqueIdentifier>{729d7ea4-8310-45dd-87c3-73ab345d0dcb}</UniqueIdentifier>
    </Filter>
    <Filter Include="Sources">
      <UniqueIdentifier>{4FC737F1-C7A5-4376-A066-2A32D752A2FF}</UniqueIdentifier>
      <Extensions>cpp;c;cc;cxx;def;odl;idl;hpj;bat;asm;asmx</Extensions>
    </Filter>
    <Filter Include="Sources\XboxOne">
      <UniqueIdentifier>{15bc6ae0-1a60-446e-b0fe-a87c53d96ab9}</UniqueIdentifier>
    </Filter>
    <Filter Include="Sources\XboxOne\Resource Files">
      <UniqueIdentifier>{67DA6AB6-F800-4c08-8B7A-83BB121AAD01}</UniqueIdentifier>
      <Extensions>rc;ico;cur;bmp;dlg;rc2;rct;bin;rgs;gif;jpg;jpeg;jpe;resx;tiff;tif;png;wav;mfcribbon-ms</Extensions>
    </Filter>
  </ItemGroup>
  <ItemGroup>
    <ClInclude Include="pch.h">
      <Filter>Sources</Filter>
    </ClInclude>
    <ClInclude Include="StepTimer.h">
      <Filter>Sources</Filter>
    </ClInclude>
    <ClInclude Include="TextureTga.h">
      <Filter>Sources</Filter>
    </ClInclude>
    <ClInclude Include="tga_reader.h">
      <Filter>Sources</Filter>
    </ClInclude>
    <ClInclude Include="DX12\DX12.h">
      <Filter>DX12\Public</Filter>
    </ClInclude>
    <ClInclude Include="DX12\DX12GraphicManager.h">
      <Filter>DX12\Public</Filter>
    </ClInclude>
    <ClInclude Include="DX12\DX12Device.h">
      <Filter>DX12\Private</Filter>
    </ClInclude>
    <ClInclude Include="DX12\DX12GraphicContext.h">
      <Filter>DX12\Public</Filter>
    </ClInclude>
    <ClInclude Include="DX12\DX12CommandContext.h">
      <Filter>DX12\Public</Filter>
    </ClInclude>
    <ClInclude Include="DX12\DX12Texture.h">
      <Filter>DX12\Public</Filter>
    </ClInclude>
    <ClInclude Include="DX12\DX12Buffer.h">
      <Filter>DX12\Public</Filter>
    </ClInclude>
    <ClInclude Include="DX12\DX12PipelineState.h">
      <Filter>DX12\Public</Filter>
    </ClInclude>
    <ClInclude Include="DX12\DX12RootSignature.h">
      <Filter>DX12\Public</Filter>
    </ClInclude>
    <ClInclude Include="DX12\Hash.h">
      <Filter>DX12\Public</Filter>
    </ClInclude>
    <ClInclude Include="DX12Demo.h">
      <Filter>Sources</Filter>
    </ClInclude>
    <ClInclude Include="DXSample.h">
      <Filter>Sources</Filter>
    </ClInclude>
    <ClInclude Include="DX12\DX12Constants.h">
      <Filter>DX12\Public</Filter>
    </ClInclude>
  </ItemGroup>
  <ItemGroup>
    <ClCompile Include="pch.cpp">
      <Filter>Sources</Filter>
    </ClCompile>
    <ClCompile Include="tga_reader.cpp">
      <Filter>Sources</Filter>
    </ClCompile>
    <ClCompile Include="DX12\DX12Device.cpp">
      <Filter>DX12\Private</Filter>
    </ClCompile>
    <ClCompile Include="DX12\DX12GraphicManager.cpp">
      <Filter>DX12\Private</Filter>
    </ClCompile>
    <ClCompile Include="DX12\DX12GraphicContext.cpp">
      <Filter>DX12\Private</Filter>
    </ClCompile>
    <ClCompile Include="DX12\DX12CommandContext.cpp">
      <Filter>DX12\Private</Filter>
    </ClCompile>
    <ClCompile Include="DX12\DX12Texture.cpp">
      <Filter>DX12\Private</Filter>
    </ClCompile>
    <ClCompile Include="DX12\DX12Buffer.cpp">
      <Filter>DX12\Private</Filter>
    </ClCompile>
    <ClCompile Include="DX12\DX12PipelineState.cpp">
      <Filter>DX12\Private</Filter>
    </ClCompile>
    <ClCompile Include="DX12\DX12RootSignature.cpp">
      <Filter>DX12\Private</Filter>
    </ClCompile>
    <ClCompile Include="XboxOne\Main.cpp">
      <Filter>Sources\XboxOne</Filter>
    </ClCompile>
    <ClCompile Include="DX12Demo.cpp">
      <Filter>Sources</Filter>
    </ClCompile>
    <ClCompile Include="DXSample.cpp">
      <Filter>Sources</Filter>
    </ClCompile>
  </ItemGroup>
  <ItemGroup>
    <Image Include="XboxOne\Resources\Logo.png">
      <Filter>Sources\XboxOne\Resource Files</Filter>
    </Image>
    <Image Include="XboxOne\Resources\SmallLogo.png">
      <Filter>Sources\XboxOne\Resource Files</Filter>
    </Image>
    <Image Include="XboxOne\Resources\SplashScreen.png">
      <Filter>Sources\XboxOne\Resource Files</Filter>
    </Image>
    <Image Include="XboxOne\Resources\StoreLogo.png">
      <Filter>Sources\XboxOne\Resource Files</Filter>
    </Image>
  </ItemGroup>
  <ItemGroup>
    <None Include="Assets\HelloTexture.hlsl">
      <Filter>Assets</Filter>
    </None>
    <None Include="Assets\HelloTriangle.hlsl">
      <Filter>Assets</Filter>
    </None>
  </ItemGroup>
  <ItemGroup>
    <AppxManifest Include="XboxOne/Package.appxmanifest">
      <Filter>Sources\XboxOne</Filter>
    </AppxManifest>
  </ItemGroup>
</Project>