<?xml version="1.0" encoding="utf-8"?>
<Project ToolsVersion="14.0" xmlns="http://schemas.microsoft.com/developer/msbuild/2003">
  <ItemGroup>
    <Filter Include="DX12">
      <UniqueIdentifier>{d1f5a28b-a435-4bb6-a598-39f9da0debfb}</UniqueIdentifier>
    </Filter>
    <Filter Include="DX12\Public">
      <UniqueIdentifier>{489e9f1b-9fed-4429-91e8-1b450ae999a9}</UniqueIdentifier>
    </Filter>
    <Filter Include="DX12\Private">
      <UniqueIdentifier>{729d7ea4-8310-45dd-87c3-73ab345d0dcb}</UniqueIdentifier>
    </Filter>
    <Filter Include="Sources">
      <UniqueIdentifier>{4FC737F1-C7A5-4376-A066-2A32D752A2FF}</UniqueIdentifier>
      <Extensions>cpp;c;cc;cxx;def;odl;idl;hpj;bat;asm;asmx</Extensions>
    </Filter>
    <Filter Include="Sources\XboxOne">
      <UniqueIdentifier>{15bc6ae0-1a60-446e-b0fe-a87c53d96ab9}</UniqueIdentifier>
    </Filter>
    <Filter Include="Sources\XboxOne\Resource Files">
      <UniqueIdentifier>{67DA6AB6-F800-4c08-8B7A-83BB121AAD01}</UniqueIdentifier>
      <Extensions>rc;ico;cur;bmp;dlg;rc2;rct;bin;rgs;gif;jpg;jpeg;jpe;resx;tiff;tif;png;wav;mfcribbon-ms</Extensions>
    </Filter>
    <Filter Include="Utils">
      <UniqueIdentifier>{a8e4b419-2df3-4a93-9152-36b873c46b59}</UniqueIdentifier>
    </Filter>
    <Filter Include="DX12\Private\Texture">
      <UniqueIdentifier>{ad33998e-2df7-4d29-be9e-8f864b1b1f36}</UniqueIdentifier>
    </Filter>
    <Filter Include="3DEngine">
      <UniqueIdentifier>{d1b938ee-86f7-41ac-b1b0-2145995dfee7}</UniqueIdentifier>
    </Filter>
    <Filter Include="3DEngine\Filters">
      <UniqueIdentifier>{87915f85-d091-4b5f-a9b7-6af349a06281}</UniqueIdentifier>
    </Filter>
    <Filter Include="3DEngine\Lights">
      <UniqueIdentifier>{e5f17825-3465-498c-a2d9-39d70b64763c}</UniqueIdentifier>
    </Filter>
    <Filter Include="Shaders">
      <UniqueIdentifier>{72cb27ac-d7a2-400e-8c6e-000d819dc1c3}</UniqueIdentifier>
    </Filter>
    <Filter Include="Shaders\Inc">
      <UniqueIdentifier>{92ca008b-9b92-41da-8f9b-70d97daed3e2}</UniqueIdentifier>
    </Filter>
  </ItemGroup>
  <ItemGroup>
    <ClInclude Include="pch.h">
      <Filter>Sources</Filter>
    </ClInclude>
    <ClInclude Include="StepTimer.h">
      <Filter>Sources</Filter>
    </ClInclude>
    <ClInclude Include="DX12\DX12.h">
      <Filter>DX12\Public</Filter>
    </ClInclude>
    <ClInclude Include="DX12\DX12GraphicManager.h">
      <Filter>DX12\Public</Filter>
    </ClInclude>
    <ClInclude Include="DX12\DX12Device.h">
      <Filter>DX12\Private</Filter>
    </ClInclude>
    <ClInclude Include="DX12\DX12GraphicContext.h">
      <Filter>DX12\Public</Filter>
    </ClInclude>
    <ClInclude Include="DX12\DX12Texture.h">
      <Filter>DX12\Public</Filter>
    </ClInclude>
    <ClInclude Include="DX12\DX12Buffer.h">
      <Filter>DX12\Public</Filter>
    </ClInclude>
    <ClInclude Include="DX12\DX12PipelineState.h">
      <Filter>DX12\Public</Filter>
    </ClInclude>
    <ClInclude Include="DX12\DX12RootSignature.h">
      <Filter>DX12\Public</Filter>
    </ClInclude>
    <ClInclude Include="DX12\Hash.h">
      <Filter>DX12\Public</Filter>
    </ClInclude>
    <ClInclude Include="DXSample.h">
      <Filter>Sources</Filter>
    </ClInclude>
    <ClInclude Include="DX12\DX12Constants.h">
      <Filter>DX12\Public</Filter>
    </ClInclude>
    <ClInclude Include="DX12\DX12SwapChain.h">
      <Filter>DX12\Public</Filter>
    </ClInclude>
    <ClInclude Include="DX12\DX12DescriptorManager.h">
      <Filter>DX12\Private</Filter>
    </ClInclude>
    <ClInclude Include="Utils\Heaponly.h">
      <Filter>Utils</Filter>
    </ClInclude>
    <ClInclude Include="Utils\Noncopyable.h">
      <Filter>Utils</Filter>
    </ClInclude>
    <ClInclude Include="Utils\Nonmovable.h">
      <Filter>Utils</Filter>
    </ClInclude>
    <ClInclude Include="DX12\DX12GraphicContextAutoExecutor.h">
      <Filter>DX12\Public</Filter>
    </ClInclude>
    <ClInclude Include="DX12\DX12FenceManager.h">
      <Filter>DX12\Public</Filter>
    </ClInclude>
    <ClInclude Include="DX12\DX12Fence.h">
      <Filter>DX12\Private</Filter>
    </ClInclude>
    <ClInclude Include="DX12\DX12DescriptorHandle.h">
      <Filter>DX12\Public</Filter>
    </ClInclude>
    <ClInclude Include="DX12\DX12ColorSurface.h">
      <Filter>DX12\Public</Filter>
    </ClInclude>
    <ClInclude Include="DX12\DX12DepthSurface.h">
      <Filter>DX12\Public</Filter>
    </ClInclude>
    <ClInclude Include="DX12\DX12GpuResource.h">
      <Filter>DX12\Private</Filter>
    </ClInclude>
    <ClInclude Include="DX12\DX12RenderableSurface.h">
      <Filter>DX12\Private</Filter>
    </ClInclude>
    <ClInclude Include="DX12\DX12CommandContext.h">
      <Filter>DX12\Private</Filter>
    </ClInclude>
    <ClInclude Include="Utils\RingBufferAllocator.h">
      <Filter>Utils</Filter>
    </ClInclude>
    <ClInclude Include="DX12\Texture\tga_reader.h">
      <Filter>DX12\Private\Texture</Filter>
    </ClInclude>
    <ClInclude Include="DX12\Texture\TextureLoaderTga.h">
      <Filter>DX12\Private\Texture</Filter>
    </ClInclude>
    <ClInclude Include="3DEngine\Mesh.h">
      <Filter>3DEngine</Filter>
    </ClInclude>
    <ClInclude Include="3DEngine\tiny_obj_loader.h">
      <Filter>3DEngine</Filter>
    </ClInclude>
    <ClInclude Include="3DEngine\Material.h">
      <Filter>3DEngine</Filter>
    </ClInclude>
    <ClInclude Include="3DEngine\Actor.h">
      <Filter>3DEngine</Filter>
    </ClInclude>
    <ClInclude Include="3DEngine\Model.h">
      <Filter>3DEngine</Filter>
    </ClInclude>
    <ClInclude Include="3DEngine\Camera.h">
      <Filter>3DEngine</Filter>
    </ClInclude>
    <ClInclude Include="3DEngine\Scene.h">
      <Filter>3DEngine</Filter>
    </ClInclude>
    <ClInclude Include="DX12SponzaDemo.h">
      <Filter>Sources</Filter>
    </ClInclude>
    <ClInclude Include="3DEngine\Primitive.h">
      <Filter>3DEngine</Filter>
    </ClInclude>
    <ClInclude Include="3DEngine\Renderer.h">
      <Filter>3DEngine</Filter>
    </ClInclude>
    <ClInclude Include="3DEngine\RenderContext.h">
      <Filter>3DEngine</Filter>
    </ClInclude>
    <ClInclude Include="3DEngine\Filters\Filter2D.h">
      <Filter>3DEngine\Filters</Filter>
    </ClInclude>
    <ClInclude Include="Utils\Helpers.h">
      <Filter>Utils</Filter>
    </ClInclude>
    <ClInclude Include="3DEngine\GameInput.h">
      <Filter>3DEngine</Filter>
    </ClInclude>
    <ClInclude Include="3DEngine\MaterialManager.h">
      <Filter>3DEngine</Filter>
    </ClInclude>
    <ClInclude Include="3DEngine\Lights\ILight.h">
      <Filter>3DEngine\Lights</Filter>
    </ClInclude>
    <ClInclude Include="3DEngine\Lights\PointLight.h">
      <Filter>3DEngine\Lights</Filter>
    </ClInclude>
    <ClInclude Include="3DEngine\Lights\DirectionalLight.h">
      <Filter>3DEngine\Lights</Filter>
    </ClInclude>
    <ClInclude Include="3DEngine\Filters\DirectionalLightFilter2D.h">
      <Filter>3DEngine\Filters</Filter>
    </ClInclude>
    <ClInclude Include="3DEngine\3DEngineDefinition.h">
      <Filter>3DEngine</Filter>
    </ClInclude>
    <ClInclude Include="DX12\d3dx12.h">
      <Filter>DX12\Public</Filter>
    </ClInclude>
    <ClInclude Include="DX12\DX12Wrapper.h">
      <Filter>DX12\Public</Filter>
    </ClInclude>
    <ClInclude Include="3DEngine\RenderableSurfaceManager.h">
      <Filter>3DEngine</Filter>
    </ClInclude>
    <ClInclude Include="3DEngine\Filters\PointLightFilter2D.h">
      <Filter>3DEngine\Filters</Filter>
    </ClInclude>
  </ItemGroup>
  <ItemGroup>
    <ClCompile Include="pch.cpp">
      <Filter>Sources</Filter>
    </ClCompile>
    <ClCompile Include="DX12\DX12Device.cpp">
      <Filter>DX12\Private</Filter>
    </ClCompile>
    <ClCompile Include="DX12\DX12GraphicManager.cpp">
      <Filter>DX12\Private</Filter>
    </ClCompile>
    <ClCompile Include="DX12\DX12GraphicContext.cpp">
      <Filter>DX12\Private</Filter>
    </ClCompile>
    <ClCompile Include="DX12\DX12CommandContext.cpp">
      <Filter>DX12\Private</Filter>
    </ClCompile>
    <ClCompile Include="DX12\DX12Texture.cpp">
      <Filter>DX12\Private</Filter>
    </ClCompile>
    <ClCompile Include="DX12\DX12Buffer.cpp">
      <Filter>DX12\Private</Filter>
    </ClCompile>
    <ClCompile Include="DX12\DX12PipelineState.cpp">
      <Filter>DX12\Private</Filter>
    </ClCompile>
    <ClCompile Include="DX12\DX12RootSignature.cpp">
      <Filter>DX12\Private</Filter>
    </ClCompile>
    <ClCompile Include="XboxOne\Main.cpp">
      <Filter>Sources\XboxOne</Filter>
    </ClCompile>
    <ClCompile Include="DXSample.cpp">
      <Filter>Sources</Filter>
    </ClCompile>
    <ClCompile Include="DX12\DX12SwapChain.cpp">
      <Filter>DX12\Private</Filter>
    </ClCompile>
    <ClCompile Include="DX12\DX12GpuResource.cpp">
      <Filter>DX12\Private</Filter>
    </ClCompile>
    <ClCompile Include="DX12\DX12DescriptorManager.cpp">
      <Filter>DX12\Private</Filter>
    </ClCompile>
    <ClCompile Include="DX12\DX12FenceManager.cpp">
      <Filter>DX12\Private</Filter>
    </ClCompile>
    <ClCompile Include="DX12\DX12RenderableSurface.cpp">
      <Filter>DX12\Private</Filter>
    </ClCompile>
    <ClCompile Include="DX12\DX12ColorSurface.cpp">
      <Filter>DX12\Private</Filter>
    </ClCompile>
    <ClCompile Include="DX12\DX12DepthSurface.cpp">
      <Filter>DX12\Private</Filter>
    </ClCompile>
    <ClCompile Include="DX12\Texture\tga_reader.cpp">
      <Filter>DX12\Private\Texture</Filter>
    </ClCompile>
    <ClCompile Include="3DEngine\Mesh.cpp">
      <Filter>3DEngine</Filter>
    </ClCompile>
    <ClCompile Include="3DEngine\Material.cpp">
      <Filter>3DEngine</Filter>
    </ClCompile>
    <ClCompile Include="3DEngine\Actor.cpp">
      <Filter>3DEngine</Filter>
    </ClCompile>
    <ClCompile Include="3DEngine\Model.cpp">
      <Filter>3DEngine</Filter>
    </ClCompile>
    <ClCompile Include="3DEngine\Camera.cpp">
      <Filter>3DEngine</Filter>
    </ClCompile>
    <ClCompile Include="3DEngine\Scene.cpp">
      <Filter>3DEngine</Filter>
    </ClCompile>
    <ClCompile Include="3DEngine\Model_OBJ.cpp">
      <Filter>3DEngine</Filter>
    </ClCompile>
    <ClCompile Include="DX12SponzaDemo.cpp">
      <Filter>Sources</Filter>
    </ClCompile>
    <ClCompile Include="3DEngine\Primitive.cpp">
      <Filter>3DEngine</Filter>
    </ClCompile>
    <ClCompile Include="3DEngine\Renderer.cpp">
      <Filter>3DEngine</Filter>
    </ClCompile>
    <ClCompile Include="3DEngine\RenderContext.cpp">
      <Filter>3DEngine</Filter>
    </ClCompile>
    <ClCompile Include="3DEngine\Filters\Filter2D.cpp">
      <Filter>3DEngine\Filters</Filter>
    </ClCompile>
    <ClCompile Include="3DEngine\GameInput.cpp">
      <Filter>3DEngine</Filter>
    </ClCompile>
    <ClCompile Include="3DEngine\MaterialManager.cpp">
      <Filter>3DEngine</Filter>
    </ClCompile>
    <ClCompile Include="3DEngine\Lights\ILight.cpp">
      <Filter>3DEngine\Lights</Filter>
    </ClCompile>
    <ClCompile Include="3DEngine\Lights\PointLight.cpp">
      <Filter>3DEngine\Lights</Filter>
    </ClCompile>
    <ClCompile Include="3DEngine\Lights\DirectionalLight.cpp">
      <Filter>3DEngine\Lights</Filter>
    </ClCompile>
    <ClCompile Include="3DEngine\Filters\DirectionalLightFilter2D.cpp">
      <Filter>3DEngine\Filters</Filter>
    </ClCompile>
    <ClCompile Include="3DEngine\RenderableSurfaceManager.cpp">
      <Filter>3DEngine</Filter>
    </ClCompile>
    <ClCompile Include="3DEngine\Filters\PointLightFilter2D.cpp">
      <Filter>3DEngine\Filters</Filter>
    </ClCompile>
  </ItemGroup>
  <ItemGroup>
    <Image Include="XboxOne\Resources\Logo.png">
      <Filter>Sources\XboxOne\Resource Files</Filter>
    </Image>
    <Image Include="XboxOne\Resources\SmallLogo.png">
      <Filter>Sources\XboxOne\Resource Files</Filter>
    </Image>
    <Image Include="XboxOne\Resources\SplashScreen.png">
      <Filter>Sources\XboxOne\Resource Files</Filter>
    </Image>
    <Image Include="XboxOne\Resources\StoreLogo.png">
      <Filter>Sources\XboxOne\Resource Files</Filter>
    </Image>
  </ItemGroup>
  <ItemGroup>
    <AppxManifest Include="XboxOne/Package.appxmanifest">
      <Filter>Sources\XboxOne</Filter>
    </AppxManifest>
  </ItemGroup>
  <ItemGroup>
    <None Include="Shaders\Inc\BRDF.hlsli">
      <Filter>Shaders\Inc</Filter>
    </None>
    <None Include="Shaders\Inc\Common.hlsli">
      <Filter>Shaders\Inc</Filter>
    </None>
    <None Include="Shaders\Inc\PointLight.hlsli">
      <Filter>Shaders\Inc</Filter>
    </None>
    <None Include="Shaders\Inc\LightCulling.hlsli">
      <Filter>Shaders\Inc</Filter>
    </None>
  </ItemGroup>
  <ItemGroup>
    <CustomBuild Include="Shaders\PointLight.hlsl">
      <Filter>Shaders</Filter>
    </CustomBuild>
    <CustomBuild Include="Shaders\BaseMaterial.hlsl">
      <Filter>Shaders</Filter>
    </CustomBuild>
    <CustomBuild Include="Shaders\BaseMaterial_DepthOnly.hlsl">
      <Filter>Shaders</Filter>
    </CustomBuild>
    <CustomBuild Include="Shaders\DirectionalLight.hlsl">
      <Filter>Shaders</Filter>
    </CustomBuild>
    <CustomBuild Include="Shaders\IdentityFilter2D.hlsl">
      <Filter>Shaders</Filter>
    </CustomBuild>
    <CustomBuild Include="Shaders\LightCulling.hlsl">
      <Filter>Shaders</Filter>
    </CustomBuild>
  </ItemGroup>
</Project>