<?xml version="1.0" encoding="utf-8"?>
<Project ToolsVersion="4.0" xmlns="http://schemas.microsoft.com/developer/msbuild/2003">
  <ItemGroup>
    <Filter Include="DX12">
      <UniqueIdentifier>{a9ca38fd-7ef6-4951-8f3d-319972f94bb4}</UniqueIdentifier>
    </Filter>
    <Filter Include="Sources">
      <UniqueIdentifier>{4af178de-a3fd-4b7b-bb3f-f8f0535b5c52}</UniqueIdentifier>
    </Filter>
    <Filter Include="DX12\Private">
      <UniqueIdentifier>{f650b4bd-8daa-4cdd-839f-f8e197d404a1}</UniqueIdentifier>
    </Filter>
    <Filter Include="DX12\Public">
      <UniqueIdentifier>{5ffa3523-8f23-423f-9631-9513b69e0ba9}</UniqueIdentifier>
    </Filter>
    <Filter Include="Sources\Win10">
      <UniqueIdentifier>{ed07c81a-6536-47f6-8705-1a44d232767f}</UniqueIdentifier>
    </Filter>
    <Filter Include="Utils">
      <UniqueIdentifier>{1ba50b8e-9252-4ea4-b985-d10d18d45260}</UniqueIdentifier>
    </Filter>
    <Filter Include="DX12\Private\Texture">
      <UniqueIdentifier>{d2b7f395-cf18-42a8-94d8-613e34191950}</UniqueIdentifier>
    </Filter>
    <Filter Include="3DEngine">
      <UniqueIdentifier>{daa8cb02-6fd2-4d8a-8516-1e21102b0094}</UniqueIdentifier>
    </Filter>
    <Filter Include="3DEngine\Filters">
      <UniqueIdentifier>{a5881cce-db94-4fcf-87f3-fb65faf97de3}</UniqueIdentifier>
    </Filter>
    <Filter Include="3DEngine\Lights">
      <UniqueIdentifier>{7757919e-1198-4c0d-b37c-f4a72ee9405d}</UniqueIdentifier>
    </Filter>
    <Filter Include="Shaders">
      <UniqueIdentifier>{2738c1e2-8a19-4c9a-8b91-10752ce1e657}</UniqueIdentifier>
    </Filter>
    <Filter Include="Shaders\Inc">
      <UniqueIdentifier>{ca3679e8-e60c-49d4-b102-8a7d93418ff4}</UniqueIdentifier>
    </Filter>
    <Filter Include="3DEngine\Pass">
      <UniqueIdentifier>{a69b1388-d787-4f9c-98fa-e11e7a644ff9}</UniqueIdentifier>
    </Filter>
  </ItemGroup>
  <ItemGroup>
    <ClCompile Include="DX12\DX12Buffer.cpp">
      <Filter>DX12\Private</Filter>
    </ClCompile>
    <ClCompile Include="DX12\DX12CommandContext.cpp">
      <Filter>DX12\Private</Filter>
    </ClCompile>
    <ClCompile Include="DX12\DX12Device.cpp">
      <Filter>DX12\Private</Filter>
    </ClCompile>
    <ClCompile Include="DX12\DX12PipelineState.cpp">
      <Filter>DX12\Private</Filter>
    </ClCompile>
    <ClCompile Include="DX12\DX12RootSignature.cpp">
      <Filter>DX12\Private</Filter>
    </ClCompile>
    <ClCompile Include="DX12\DX12Texture.cpp">
      <Filter>DX12\Private</Filter>
    </ClCompile>
    <ClCompile Include="pch.cpp">
      <Filter>Sources</Filter>
    </ClCompile>
    <ClCompile Include="Win10\Main.cpp">
      <Filter>Sources\Win10</Filter>
    </ClCompile>
    <ClCompile Include="Win10\Win32Application.cpp">
      <Filter>Sources\Win10</Filter>
    </ClCompile>
    <ClCompile Include="DXSample.cpp">
      <Filter>Sources</Filter>
    </ClCompile>
    <ClCompile Include="DX12\DX12DescriptorManager.cpp">
      <Filter>DX12\Private</Filter>
    </ClCompile>
    <ClCompile Include="DX12\DX12GpuResource.cpp">
      <Filter>DX12\Private</Filter>
    </ClCompile>
    <ClCompile Include="DX12\DX12SwapChain.cpp">
      <Filter>DX12\Private</Filter>
    </ClCompile>
    <ClCompile Include="DX12\DX12FenceManager.cpp">
      <Filter>DX12\Private</Filter>
    </ClCompile>
    <ClCompile Include="DX12\DX12RenderableSurface.cpp">
      <Filter>DX12\Private</Filter>
    </ClCompile>
    <ClCompile Include="DX12\DX12ColorSurface.cpp">
      <Filter>DX12\Private</Filter>
    </ClCompile>
    <ClCompile Include="DX12\DX12DepthSurface.cpp">
      <Filter>DX12\Private</Filter>
    </ClCompile>
    <ClCompile Include="DX12\Texture\tga_reader.cpp">
      <Filter>DX12\Private\Texture</Filter>
    </ClCompile>
    <ClCompile Include="DX12SponzaDemo.cpp">
      <Filter>Sources</Filter>
    </ClCompile>
    <ClCompile Include="3DEngine\Filters\Filter2D.cpp">
      <Filter>3DEngine\Filters</Filter>
    </ClCompile>
    <ClCompile Include="3DEngine\Lights\ILight.cpp">
      <Filter>3DEngine\Lights</Filter>
    </ClCompile>
    <ClCompile Include="3DEngine\Lights\PointLight.cpp">
      <Filter>3DEngine\Lights</Filter>
    </ClCompile>
    <ClCompile Include="3DEngine\Actor.cpp">
      <Filter>3DEngine</Filter>
    </ClCompile>
    <ClCompile Include="3DEngine\Camera.cpp">
      <Filter>3DEngine</Filter>
    </ClCompile>
    <ClCompile Include="3DEngine\GameInput.cpp">
      <Filter>3DEngine</Filter>
    </ClCompile>
    <ClCompile Include="3DEngine\Material.cpp">
      <Filter>3DEngine</Filter>
    </ClCompile>
    <ClCompile Include="3DEngine\MaterialManager.cpp">
      <Filter>3DEngine</Filter>
    </ClCompile>
    <ClCompile Include="3DEngine\Mesh.cpp">
      <Filter>3DEngine</Filter>
    </ClCompile>
    <ClCompile Include="3DEngine\Model.cpp">
      <Filter>3DEngine</Filter>
    </ClCompile>
    <ClCompile Include="3DEngine\Model_OBJ.cpp">
      <Filter>3DEngine</Filter>
    </ClCompile>
    <ClCompile Include="3DEngine\Primitive.cpp">
      <Filter>3DEngine</Filter>
    </ClCompile>
    <ClCompile Include="3DEngine\RenderContext.cpp">
      <Filter>3DEngine</Filter>
    </ClCompile>
    <ClCompile Include="3DEngine\Renderer.cpp">
      <Filter>3DEngine</Filter>
    </ClCompile>
    <ClCompile Include="3DEngine\Scene.cpp">
      <Filter>3DEngine</Filter>
    </ClCompile>
    <ClCompile Include="3DEngine\Lights\DirectionalLight.cpp">
      <Filter>3DEngine\Lights</Filter>
    </ClCompile>
    <ClCompile Include="3DEngine\Filters\DirectionalLightFilter2D.cpp">
      <Filter>3DEngine\Filters</Filter>
    </ClCompile>
    <ClCompile Include="3DEngine\RenderableSurfaceManager.cpp">
      <Filter>3DEngine</Filter>
    </ClCompile>
    <ClCompile Include="3DEngine\Filters\PointLightFilter2D.cpp">
      <Filter>3DEngine\Filters</Filter>
    </ClCompile>
    <ClCompile Include="3DEngine\Pass\LightCullingPass.cpp">
      <Filter>3DEngine\Pass</Filter>
    </ClCompile>
    <ClCompile Include="3DEngine\Pass\TiledShadingPass.cpp">
      <Filter>3DEngine\Pass</Filter>
    </ClCompile>
    <ClCompile Include="DX12\Texture\DDSTextureLoader.cpp">
      <Filter>DX12\Private\Texture</Filter>
    </ClCompile>
    <ClCompile Include="3DEngine\EngineTuning.cpp">
      <Filter>3DEngine</Filter>
    </ClCompile>
    <ClCompile Include="3DEngine\TextRenderer.cpp">
      <Filter>3DEngine</Filter>
    </ClCompile>
    <ClCompile Include="3DEngine\Filters\ToneMapFilter2D.cpp">
      <Filter>3DEngine\Filters</Filter>
    </ClCompile>
    <ClCompile Include="3DEngine\GraphicsEngineDefinition.cpp">
      <Filter>3DEngine</Filter>
    </ClCompile>
    <ClCompile Include="3DEngine\Filters\ConvertEVSMFilter2D.cpp">
      <Filter>3DEngine\Filters</Filter>
    </ClCompile>
    <ClCompile Include="DX12\DX12GraphicsManager.cpp">
      <Filter>DX12\Private</Filter>
    </ClCompile>
    <ClCompile Include="DX12\DX12GraphicsContext.cpp">
      <Filter>DX12\Private</Filter>
    </ClCompile>
  </ItemGroup>
  <ItemGroup>
    <ClInclude Include="DX12\DX12PipelineState.h">
      <Filter>DX12\Public</Filter>
    </ClInclude>
    <ClInclude Include="DX12\DX12RootSignature.h">
      <Filter>DX12\Public</Filter>
    </ClInclude>
    <ClInclude Include="DX12\DX12Texture.h">
      <Filter>DX12\Public</Filter>
    </ClInclude>
    <ClInclude Include="DX12\Hash.h">
      <Filter>DX12\Public</Filter>
    </ClInclude>
    <ClInclude Include="DX12\DX12.h">
      <Filter>DX12\Public</Filter>
    </ClInclude>
    <ClInclude Include="DX12\DX12Buffer.h">
      <Filter>DX12\Public</Filter>
    </ClInclude>
    <ClInclude Include="DX12\DX12Device.h">
      <Filter>DX12\Private</Filter>
    </ClInclude>
    <ClInclude Include="pch.h">
      <Filter>Sources</Filter>
    </ClInclude>
    <ClInclude Include="StepTimer.h">
      <Filter>Sources</Filter>
    </ClInclude>
    <ClInclude Include="DX12\d3dx12.h">
      <Filter>DX12\Public</Filter>
    </ClInclude>
    <ClInclude Include="Win10\Win32Application.h">
      <Filter>Sources\Win10</Filter>
    </ClInclude>
    <ClInclude Include="DXSample.h">
      <Filter>Sources</Filter>
    </ClInclude>
    <ClInclude Include="Utils\Heaponly.h">
      <Filter>Utils</Filter>
    </ClInclude>
    <ClInclude Include="Utils\Noncopyable.h">
      <Filter>Utils</Filter>
    </ClInclude>
    <ClInclude Include="Utils\Nonmovable.h">
      <Filter>Utils</Filter>
    </ClInclude>
    <ClInclude Include="DX12\DX12Constants.h">
      <Filter>DX12\Public</Filter>
    </ClInclude>
    <ClInclude Include="DX12\DX12DescriptorManager.h">
      <Filter>DX12\Private</Filter>
    </ClInclude>
    <ClInclude Include="DX12\DX12SwapChain.h">
      <Filter>DX12\Public</Filter>
    </ClInclude>
    <ClInclude Include="DX12\DX12FenceManager.h">
      <Filter>DX12\Public</Filter>
    </ClInclude>
    <ClInclude Include="DX12\DX12Fence.h">
      <Filter>DX12\Private</Filter>
    </ClInclude>
    <ClInclude Include="DX12\DX12ColorSurface.h">
      <Filter>DX12\Public</Filter>
    </ClInclude>
    <ClInclude Include="DX12\DX12DepthSurface.h">
      <Filter>DX12\Public</Filter>
    </ClInclude>
    <ClInclude Include="DX12\DX12DescriptorHandle.h">
      <Filter>DX12\Public</Filter>
    </ClInclude>
    <ClInclude Include="Utils\RingBufferAllocator.h">
      <Filter>Utils</Filter>
    </ClInclude>
    <ClInclude Include="DX12\DX12CommandContext.h">
      <Filter>DX12\Private</Filter>
    </ClInclude>
    <ClInclude Include="DX12\DX12GpuResource.h">
      <Filter>DX12\Private</Filter>
    </ClInclude>
    <ClInclude Include="DX12\DX12RenderableSurface.h">
      <Filter>DX12\Private</Filter>
    </ClInclude>
    <ClInclude Include="DX12\Texture\TextureLoaderTga.h">
      <Filter>DX12\Private\Texture</Filter>
    </ClInclude>
    <ClInclude Include="DX12\Texture\tga_reader.h">
      <Filter>DX12\Private\Texture</Filter>
    </ClInclude>
    <ClInclude Include="Utils\Helpers.h">
      <Filter>Utils</Filter>
    </ClInclude>
    <ClInclude Include="DX12SponzaDemo.h">
      <Filter>Sources</Filter>
    </ClInclude>
    <ClInclude Include="3DEngine\Filters\Filter2D.h">
      <Filter>3DEngine\Filters</Filter>
    </ClInclude>
    <ClInclude Include="3DEngine\Lights\ILight.h">
      <Filter>3DEngine\Lights</Filter>
    </ClInclude>
    <ClInclude Include="3DEngine\Lights\PointLight.h">
      <Filter>3DEngine\Lights</Filter>
    </ClInclude>
    <ClInclude Include="3DEngine\Actor.h">
      <Filter>3DEngine</Filter>
    </ClInclude>
    <ClInclude Include="3DEngine\Camera.h">
      <Filter>3DEngine</Filter>
    </ClInclude>
    <ClInclude Include="3DEngine\GameInput.h">
      <Filter>3DEngine</Filter>
    </ClInclude>
    <ClInclude Include="3DEngine\Material.h">
      <Filter>3DEngine</Filter>
    </ClInclude>
    <ClInclude Include="3DEngine\MaterialManager.h">
      <Filter>3DEngine</Filter>
    </ClInclude>
    <ClInclude Include="3DEngine\Mesh.h">
      <Filter>3DEngine</Filter>
    </ClInclude>
    <ClInclude Include="3DEngine\Model.h">
      <Filter>3DEngine</Filter>
    </ClInclude>
    <ClInclude Include="3DEngine\Primitive.h">
      <Filter>3DEngine</Filter>
    </ClInclude>
    <ClInclude Include="3DEngine\RenderContext.h">
      <Filter>3DEngine</Filter>
    </ClInclude>
    <ClInclude Include="3DEngine\Renderer.h">
      <Filter>3DEngine</Filter>
    </ClInclude>
    <ClInclude Include="3DEngine\Scene.h">
      <Filter>3DEngine</Filter>
    </ClInclude>
    <ClInclude Include="3DEngine\tiny_obj_loader.h">
      <Filter>3DEngine</Filter>
    </ClInclude>
    <ClInclude Include="3DEngine\Lights\DirectionalLight.h">
      <Filter>3DEngine\Lights</Filter>
    </ClInclude>
    <ClInclude Include="3DEngine\Filters\DirectionalLightFilter2D.h">
      <Filter>3DEngine\Filters</Filter>
    </ClInclude>
    <ClInclude Include="3DEngine\RenderableSurfaceManager.h">
      <Filter>3DEngine</Filter>
    </ClInclude>
    <ClInclude Include="3DEngine\Filters\PointLightFilter2D.h">
      <Filter>3DEngine\Filters</Filter>
    </ClInclude>
    <ClInclude Include="3DEngine\Pass\LightCullingPass.h">
      <Filter>3DEngine\Pass</Filter>
    </ClInclude>
    <ClInclude Include="3DEngine\Pass\TiledShadingPass.h">
      <Filter>3DEngine\Pass</Filter>
    </ClInclude>
    <ClInclude Include="Shaders\Inc\HLSLShared.h">
      <Filter>Shaders\Inc</Filter>
    </ClInclude>
    <ClInclude Include="DX12\Texture\PlatformHelpers.h">
      <Filter>DX12\Private\Texture</Filter>
    </ClInclude>
    <ClInclude Include="DX12\Texture\dds.h">
      <Filter>DX12\Private\Texture</Filter>
    </ClInclude>
    <ClInclude Include="DX12\Texture\DDSTextureLoader.h">
      <Filter>DX12\Private\Texture</Filter>
    </ClInclude>
    <ClInclude Include="DX12\Texture\LoaderHelpers.h">
      <Filter>DX12\Private\Texture</Filter>
    </ClInclude>
    <ClInclude Include="Utils\Color.h">
      <Filter>Utils</Filter>
    </ClInclude>
    <ClInclude Include="3DEngine\EngineTuning.h">
      <Filter>3DEngine</Filter>
    </ClInclude>
    <ClInclude Include="3DEngine\TextRenderer.h">
      <Filter>3DEngine</Filter>
    </ClInclude>
    <ClInclude Include="3DEngine\Filters\ToneMapFilter2D.h">
      <Filter>3DEngine\Filters</Filter>
    </ClInclude>
    <ClInclude Include="3DEngine\GraphicsEngineDefinition.h">
      <Filter>3DEngine</Filter>
    </ClInclude>
    <ClInclude Include="3DEngine\Filters\ConvertEVSMFilter2D.h">
      <Filter>3DEngine\Filters</Filter>
    </ClInclude>
    <ClInclude Include="DX12\DX12Wrapper.h">
      <Filter>DX12\Public</Filter>
    </ClInclude>
    <ClInclude Include="DX12\DX12GraphicsManager.h">
      <Filter>DX12\Public</Filter>
    </ClInclude>
    <ClInclude Include="DX12\DX12GraphicsContext.h">
      <Filter>DX12\Public</Filter>
    </ClInclude>
    <ClInclude Include="DX12\DX12GraphicsContextAutoExecutor.h">
      <Filter>DX12\Public</Filter>
    </ClInclude>
  </ItemGroup>
  <ItemGroup>
    <None Include="Shaders\Inc\BRDF.hlsli">
      <Filter>Shaders\Inc</Filter>
    </None>
    <None Include="Shaders\Inc\Common.hlsli">
      <Filter>Shaders\Inc</Filter>
    </None>
    <None Include="Shaders\Inc\PointLight.hlsli">
      <Filter>Shaders\Inc</Filter>
    </None>
    <None Include="Shaders\Inc\LightCulling.hlsli">
      <Filter>Shaders\Inc</Filter>
    </None>
    <None Include="Shaders\Inc\RSM.hlsli">
      <Filter>Shaders\Inc</Filter>
    </None>
    <None Include="Shaders\Inc\VSM.hlsli">
      <Filter>Shaders\Inc</Filter>
    </None>
    <None Include="Shaders\Inc\Utils.hlsli">
      <Filter>Shaders\Inc</Filter>
    </None>
    <None Include="Shaders\Inc\GBuffer.hlsli">
      <Filter>Shaders\Inc</Filter>
    </None>
  </ItemGroup>
  <ItemGroup>
    <CustomBuild Include="Shaders\PointLight.hlsl">
      <Filter>Shaders</Filter>
    </CustomBuild>
    <CustomBuild Include="Shaders\BaseMaterial.hlsl">
      <Filter>Shaders</Filter>
    </CustomBuild>
    <CustomBuild Include="Shaders\BaseMaterial_DepthOnly.hlsl">
      <Filter>Shaders</Filter>
    </CustomBuild>
    <CustomBuild Include="Shaders\DirectionalLight.hlsl">
      <Filter>Shaders</Filter>
    </CustomBuild>
    <CustomBuild Include="Shaders\IdentityFilter2D.hlsl">
      <Filter>Shaders</Filter>
    </CustomBuild>
    <CustomBuild Include="Shaders\LightCulling.hlsl">
      <Filter>Shaders</Filter>
    </CustomBuild>
    <CustomBuild Include="Shaders\TiledShading.hlsl">
      <Filter>Shaders</Filter>
    </CustomBuild>
    <CustomBuild Include="Shaders\TextRender.hlsl">
      <Filter>Shaders</Filter>
    </CustomBuild>
    <CustomBuild Include="Shaders\ToneMapFilter2D.hlsl">
      <Filter>Shaders</Filter>
    </CustomBuild>
    <CustomBuild Include="Shaders\BaseMaterial_RSM.hlsl">
      <Filter>Shaders</Filter>
    </CustomBuild>
    <CustomBuild Include="Shaders\EVSM.hlsl">
      <Filter>Shaders</Filter>
    </CustomBuild>
  </ItemGroup>
</Project>